
Microsoft Visual Studio Solution File, Format Version 11.00
# Visual Studio 2010
Project("{FAE04EC0-301F-11D3-BF4B-00C04F79EFBC}") = "Web", "WebApp\Web.csproj", "{5B7F3C0E-3595-4259-8C38-92EA70CAF97A}"
	ProjectSection(ProjectDependencies) = postProject
		{D6069FD4-9A2A-49DD-B819-7A818ABC2A08} = {D6069FD4-9A2A-49DD-B819-7A818ABC2A08}
	EndProjectSection
EndProject
Project("{FAE04EC0-301F-11D3-BF4B-00C04F79EFBC}") = "MyWebSrv", "MyWebSrv\MyWebSrv.csproj", "{D6069FD4-9A2A-49DD-B819-7A818ABC2A08}"
EndProject
Project("{FAE04EC0-301F-11D3-BF4B-00C04F79EFBC}") = "Utils", "Common\Utils.csproj", "{A0DB7629-B69E-4F76-899E-05690D470453}"
EndProject
Project("{FAE04EC0-301F-11D3-BF4B-00C04F79EFBC}") = "BLL", "BLL\BLL.csproj", "{1B776FB7-9C1A-4B7C-AE79-3075D4BAB68B}"
EndProject
Project("{FAE04EC0-301F-11D3-BF4B-00C04F79EFBC}") = "DAL", "DAL\DAL.csproj", "{8E3CEBCB-1D21-4D56-A115-249E29DF4363}"
EndProject
Project("{FAE04EC0-301F-11D3-BF4B-00C04F79EFBC}") = "Model", "Model\Model.csproj", "{5D1DF39C-6D2A-4E60-B54B-847224A66B1E}"
EndProject
Project("{FAE04EC0-301F-11D3-BF4B-00C04F79EFBC}") = "Web.Demo", "Web.Demo\Web.Demo.csproj", "{2C2B69A7-CA3A-409D-B7DA-D6D5C2745F61}"
EndProject
Project("{FAE04EC0-301F-11D3-BF4B-00C04F79EFBC}") = "IDAL", "IDAL\IDAL.csproj", "{2CC9096B-2B27-45A1-A057-37EC4D9E8071}"
EndProject
Project("{FAE04EC0-301F-11D3-BF4B-00C04F79EFBC}") = "Editor", "Editor\Editor.csproj", "{D9B75C19-60D3-43E5-9049-931C31CA8805}"
EndProject
Project("{FAE04EC0-301F-11D3-BF4B-00C04F79EFBC}") = "IBLL", "IBLL\IBLL.csproj", "{F6F86DCF-981D-45B9-AC91-BD87792921AF}"
EndProject
Project("{2150E333-8FDC-42A3-9474-1A3956D46DE8}") = "Libraries", "Libraries", "{55914640-A940-4F59-9BBC-C50E77C5979E}"
EndProject
Project("{FAE04EC0-301F-11D3-BF4B-00C04F79EFBC}") = "Orm.Framework", "Orm.Framework\Orm.Framework.csproj", "{013B8264-14DF-4CAA-857A-078939FB0F3A}"
EndProject
Project("{FAE04EC0-301F-11D3-BF4B-00C04F79EFBC}") = "MvcApp", "MvcApp\MvcApp.csproj", "{2C32F633-485E-43A0-BB5A-4B191BD44795}"
EndProject
Project("{2150E333-8FDC-42A3-9474-1A3956D46DE8}") = "Test", "Test", "{5DE0DE6E-9E29-4794-B6E5-E25751B7DCC9}"
EndProject
Project("{FAE04EC0-301F-11D3-BF4B-00C04F79EFBC}") = "WinApp.Test", "WinApp.Test\WinApp.Test.csproj", "{F74D2486-0448-40BF-97FA-9AA4C2164801}"
EndProject
Project("{FAE04EC0-301F-11D3-BF4B-00C04F79EFBC}") = "Collector", "Collector\Collector.csproj", "{A54C4CB3-8BA6-4E2A-AFB6-4A81446C8658}"
EndProject
Global
	GlobalSection(SolutionConfigurationPlatforms) = preSolution
		Debug|Any CPU = Debug|Any CPU
		Debug|Mixed Platforms = Debug|Mixed Platforms
		Debug|x86 = Debug|x86
		Release|Any CPU = Release|Any CPU
		Release|Mixed Platforms = Release|Mixed Platforms
		Release|x86 = Release|x86
	EndGlobalSection
	GlobalSection(ProjectConfigurationPlatforms) = postSolution
		{5B7F3C0E-3595-4259-8C38-92EA70CAF97A}.Debug|Any CPU.ActiveCfg = Debug|Any CPU
		{5B7F3C0E-3595-4259-8C38-92EA70CAF97A}.Debug|Any CPU.Build.0 = Debug|Any CPU
		{5B7F3C0E-3595-4259-8C38-92EA70CAF97A}.Debug|Mixed Platforms.ActiveCfg = Debug|Any CPU
		{5B7F3C0E-3595-4259-8C38-92EA70CAF97A}.Debug|Mixed Platforms.Build.0 = Debug|Any CPU
		{5B7F3C0E-3595-4259-8C38-92EA70CAF97A}.Debug|x86.ActiveCfg = Debug|Any CPU
		{5B7F3C0E-3595-4259-8C38-92EA70CAF97A}.Release|Any CPU.ActiveCfg = Release|Any CPU
		{5B7F3C0E-3595-4259-8C38-92EA70CAF97A}.Release|Any CPU.Build.0 = Release|Any CPU
		{5B7F3C0E-3595-4259-8C38-92EA70CAF97A}.Release|Mixed Platforms.ActiveCfg = Release|Any CPU
		{5B7F3C0E-3595-4259-8C38-92EA70CAF97A}.Release|Mixed Platforms.Build.0 = Release|Any CPU
		{5B7F3C0E-3595-4259-8C38-92EA70CAF97A}.Release|x86.ActiveCfg = Release|Any CPU
		{D6069FD4-9A2A-49DD-B819-7A818ABC2A08}.Debug|Any CPU.ActiveCfg = Debug|Any CPU
		{D6069FD4-9A2A-49DD-B819-7A818ABC2A08}.Debug|Any CPU.Build.0 = Debug|Any CPU
		{D6069FD4-9A2A-49DD-B819-7A818ABC2A08}.Debug|Mixed Platforms.ActiveCfg = Debug|Any CPU
		{D6069FD4-9A2A-49DD-B819-7A818ABC2A08}.Debug|Mixed Platforms.Build.0 = Debug|Any CPU
		{D6069FD4-9A2A-49DD-B819-7A818ABC2A08}.Debug|x86.ActiveCfg = Debug|Any CPU
		{D6069FD4-9A2A-49DD-B819-7A818ABC2A08}.Release|Any CPU.ActiveCfg = Release|Any CPU
		{D6069FD4-9A2A-49DD-B819-7A818ABC2A08}.Release|Any CPU.Build.0 = Release|Any CPU
		{D6069FD4-9A2A-49DD-B819-7A818ABC2A08}.Release|Mixed Platforms.ActiveCfg = Release|Any CPU
		{D6069FD4-9A2A-49DD-B819-7A818ABC2A08}.Release|Mixed Platforms.Build.0 = Release|Any CPU
		{D6069FD4-9A2A-49DD-B819-7A818ABC2A08}.Release|x86.ActiveCfg = Release|Any CPU
		{A0DB7629-B69E-4F76-899E-05690D470453}.Debug|Any CPU.ActiveCfg = Debug|Any CPU
		{A0DB7629-B69E-4F76-899E-05690D470453}.Debug|Any CPU.Build.0 = Debug|Any CPU
		{A0DB7629-B69E-4F76-899E-05690D470453}.Debug|Mixed Platforms.ActiveCfg = Debug|Any CPU
		{A0DB7629-B69E-4F76-899E-05690D470453}.Debug|Mixed Platforms.Build.0 = Debug|Any CPU
		{A0DB7629-B69E-4F76-899E-05690D470453}.Debug|x86.ActiveCfg = Debug|Any CPU
		{A0DB7629-B69E-4F76-899E-05690D470453}.Release|Any CPU.ActiveCfg = Release|Any CPU
		{A0DB7629-B69E-4F76-899E-05690D470453}.Release|Any CPU.Build.0 = Release|Any CPU
		{A0DB7629-B69E-4F76-899E-05690D470453}.Release|Mixed Platforms.ActiveCfg = Release|Any CPU
		{A0DB7629-B69E-4F76-899E-05690D470453}.Release|Mixed Platforms.Build.0 = Release|Any CPU
		{A0DB7629-B69E-4F76-899E-05690D470453}.Release|x86.ActiveCfg = Release|Any CPU
		{1B776FB7-9C1A-4B7C-AE79-3075D4BAB68B}.Debug|Any CPU.ActiveCfg = Debug|Any CPU
		{1B776FB7-9C1A-4B7C-AE79-3075D4BAB68B}.Debug|Any CPU.Build.0 = Debug|Any CPU
		{1B776FB7-9C1A-4B7C-AE79-3075D4BAB68B}.Debug|Mixed Platforms.ActiveCfg = Debug|Any CPU
		{1B776FB7-9C1A-4B7C-AE79-3075D4BAB68B}.Debug|Mixed Platforms.Build.0 = Debug|Any CPU
		{1B776FB7-9C1A-4B7C-AE79-3075D4BAB68B}.Debug|x86.ActiveCfg = Debug|Any CPU
		{1B776FB7-9C1A-4B7C-AE79-3075D4BAB68B}.Release|Any CPU.ActiveCfg = Release|Any CPU
		{1B776FB7-9C1A-4B7C-AE79-3075D4BAB68B}.Release|Any CPU.Build.0 = Release|Any CPU
		{1B776FB7-9C1A-4B7C-AE79-3075D4BAB68B}.Release|Mixed Platforms.ActiveCfg = Release|Any CPU
		{1B776FB7-9C1A-4B7C-AE79-3075D4BAB68B}.Release|Mixed Platforms.Build.0 = Release|Any CPU
		{1B776FB7-9C1A-4B7C-AE79-3075D4BAB68B}.Release|x86.ActiveCfg = Release|Any CPU
		{8E3CEBCB-1D21-4D56-A115-249E29DF4363}.Debug|Any CPU.ActiveCfg = Debug|Any CPU
		{8E3CEBCB-1D21-4D56-A115-249E29DF4363}.Debug|Any CPU.Build.0 = Debug|Any CPU
		{8E3CEBCB-1D21-4D56-A115-249E29DF4363}.Debug|Mixed Platforms.ActiveCfg = Debug|Any CPU
		{8E3CEBCB-1D21-4D56-A115-249E29DF4363}.Debug|Mixed Platforms.Build.0 = Debug|Any CPU
		{8E3CEBCB-1D21-4D56-A115-249E29DF4363}.Debug|x86.ActiveCfg = Debug|Any CPU
		{8E3CEBCB-1D21-4D56-A115-249E29DF4363}.Release|Any CPU.ActiveCfg = Release|Any CPU
		{8E3CEBCB-1D21-4D56-A115-249E29DF4363}.Release|Any CPU.Build.0 = Release|Any CPU
		{8E3CEBCB-1D21-4D56-A115-249E29DF4363}.Release|Mixed Platforms.ActiveCfg = Release|Any CPU
		{8E3CEBCB-1D21-4D56-A115-249E29DF4363}.Release|Mixed Platforms.Build.0 = Release|Any CPU
		{8E3CEBCB-1D21-4D56-A115-249E29DF4363}.Release|x86.ActiveCfg = Release|Any CPU
		{5D1DF39C-6D2A-4E60-B54B-847224A66B1E}.Debug|Any CPU.ActiveCfg = Debug|Any CPU
		{5D1DF39C-6D2A-4E60-B54B-847224A66B1E}.Debug|Any CPU.Build.0 = Debug|Any CPU
		{5D1DF39C-6D2A-4E60-B54B-847224A66B1E}.Debug|Mixed Platforms.ActiveCfg = Debug|Any CPU
		{5D1DF39C-6D2A-4E60-B54B-847224A66B1E}.Debug|Mixed Platforms.Build.0 = Debug|Any CPU
		{5D1DF39C-6D2A-4E60-B54B-847224A66B1E}.Debug|x86.ActiveCfg = Debug|Any CPU
		{5D1DF39C-6D2A-4E60-B54B-847224A66B1E}.Release|Any CPU.ActiveCfg = Release|Any CPU
		{5D1DF39C-6D2A-4E60-B54B-847224A66B1E}.Release|Any CPU.Build.0 = Release|Any CPU
		{5D1DF39C-6D2A-4E60-B54B-847224A66B1E}.Release|Mixed Platforms.ActiveCfg = Release|Any CPU
		{5D1DF39C-6D2A-4E60-B54B-847224A66B1E}.Release|Mixed Platforms.Build.0 = Release|Any CPU
		{5D1DF39C-6D2A-4E60-B54B-847224A66B1E}.Release|x86.ActiveCfg = Release|Any CPU
		{2C2B69A7-CA3A-409D-B7DA-D6D5C2745F61}.Debug|Any CPU.ActiveCfg = Debug|Any CPU
		{2C2B69A7-CA3A-409D-B7DA-D6D5C2745F61}.Debug|Any CPU.Build.0 = Debug|Any CPU
		{2C2B69A7-CA3A-409D-B7DA-D6D5C2745F61}.Debug|Mixed Platforms.ActiveCfg = Debug|Any CPU
		{2C2B69A7-CA3A-409D-B7DA-D6D5C2745F61}.Debug|Mixed Platforms.Build.0 = Debug|Any CPU
		{2C2B69A7-CA3A-409D-B7DA-D6D5C2745F61}.Debug|x86.ActiveCfg = Debug|Any CPU
		{2C2B69A7-CA3A-409D-B7DA-D6D5C2745F61}.Release|Any CPU.ActiveCfg = Release|Any CPU
		{2C2B69A7-CA3A-409D-B7DA-D6D5C2745F61}.Release|Any CPU.Build.0 = Release|Any CPU
		{2C2B69A7-CA3A-409D-B7DA-D6D5C2745F61}.Release|Mixed Platforms.ActiveCfg = Release|Any CPU
		{2C2B69A7-CA3A-409D-B7DA-D6D5C2745F61}.Release|Mixed Platforms.Build.0 = Release|Any CPU
		{2C2B69A7-CA3A-409D-B7DA-D6D5C2745F61}.Release|x86.ActiveCfg = Release|Any CPU
		{2CC9096B-2B27-45A1-A057-37EC4D9E8071}.Debug|Any CPU.ActiveCfg = Debug|Any CPU
		{2CC9096B-2B27-45A1-A057-37EC4D9E8071}.Debug|Any CPU.Build.0 = Debug|Any CPU
		{2CC9096B-2B27-45A1-A057-37EC4D9E8071}.Debug|Mixed Platforms.ActiveCfg = Debug|Any CPU
		{2CC9096B-2B27-45A1-A057-37EC4D9E8071}.Debug|Mixed Platforms.Build.0 = Debug|Any CPU
		{2CC9096B-2B27-45A1-A057-37EC4D9E8071}.Debug|x86.ActiveCfg = Debug|Any CPU
		{2CC9096B-2B27-45A1-A057-37EC4D9E8071}.Release|Any CPU.ActiveCfg = Release|Any CPU
		{2CC9096B-2B27-45A1-A057-37EC4D9E8071}.Release|Any CPU.Build.0 = Release|Any CPU
		{2CC9096B-2B27-45A1-A057-37EC4D9E8071}.Release|Mixed Platforms.ActiveCfg = Release|Any CPU
		{2CC9096B-2B27-45A1-A057-37EC4D9E8071}.Release|Mixed Platforms.Build.0 = Release|Any CPU
		{2CC9096B-2B27-45A1-A057-37EC4D9E8071}.Release|x86.ActiveCfg = Release|Any CPU
		{D9B75C19-60D3-43E5-9049-931C31CA8805}.Debug|Any CPU.ActiveCfg = Debug|Any CPU
		{D9B75C19-60D3-43E5-9049-931C31CA8805}.Debug|Any CPU.Build.0 = Debug|Any CPU
		{D9B75C19-60D3-43E5-9049-931C31CA8805}.Debug|Mixed Platforms.ActiveCfg = Debug|Any CPU
		{D9B75C19-60D3-43E5-9049-931C31CA8805}.Debug|Mixed Platforms.Build.0 = Debug|Any CPU
		{D9B75C19-60D3-43E5-9049-931C31CA8805}.Debug|x86.ActiveCfg = Debug|Any CPU
		{D9B75C19-60D3-43E5-9049-931C31CA8805}.Release|Any CPU.ActiveCfg = Release|Any CPU
		{D9B75C19-60D3-43E5-9049-931C31CA8805}.Release|Any CPU.Build.0 = Release|Any CPU
		{D9B75C19-60D3-43E5-9049-931C31CA8805}.Release|Mixed Platforms.ActiveCfg = Release|Any CPU
		{D9B75C19-60D3-43E5-9049-931C31CA8805}.Release|Mixed Platforms.Build.0 = Release|Any CPU
		{D9B75C19-60D3-43E5-9049-931C31CA8805}.Release|x86.ActiveCfg = Release|Any CPU
		{F6F86DCF-981D-45B9-AC91-BD87792921AF}.Debug|Any CPU.ActiveCfg = Debug|Any CPU
		{F6F86DCF-981D-45B9-AC91-BD87792921AF}.Debug|Any CPU.Build.0 = Debug|Any CPU
		{F6F86DCF-981D-45B9-AC91-BD87792921AF}.Debug|Mixed Platforms.ActiveCfg = Debug|Any CPU
		{F6F86DCF-981D-45B9-AC91-BD87792921AF}.Debug|Mixed Platforms.Build.0 = Debug|Any CPU
		{F6F86DCF-981D-45B9-AC91-BD87792921AF}.Debug|x86.ActiveCfg = Debug|Any CPU
		{F6F86DCF-981D-45B9-AC91-BD87792921AF}.Release|Any CPU.ActiveCfg = Release|Any CPU
		{F6F86DCF-981D-45B9-AC91-BD87792921AF}.Release|Any CPU.Build.0 = Release|Any CPU
		{F6F86DCF-981D-45B9-AC91-BD87792921AF}.Release|Mixed Platforms.ActiveCfg = Release|Any CPU
		{F6F86DCF-981D-45B9-AC91-BD87792921AF}.Release|Mixed Platforms.Build.0 = Release|Any CPU
		{F6F86DCF-981D-45B9-AC91-BD87792921AF}.Release|x86.ActiveCfg = Release|Any CPU
		{013B8264-14DF-4CAA-857A-078939FB0F3A}.Debug|Any CPU.ActiveCfg = Debug|Any CPU
		{013B8264-14DF-4CAA-857A-078939FB0F3A}.Debug|Any CPU.Build.0 = Debug|Any CPU
		{013B8264-14DF-4CAA-857A-078939FB0F3A}.Debug|Mixed Platforms.ActiveCfg = Debug|Any CPU
		{013B8264-14DF-4CAA-857A-078939FB0F3A}.Debug|Mixed Platforms.Build.0 = Debug|Any CPU
		{013B8264-14DF-4CAA-857A-078939FB0F3A}.Debug|x86.ActiveCfg = Debug|Any CPU
		{013B8264-14DF-4CAA-857A-078939FB0F3A}.Release|Any CPU.ActiveCfg = Release|Any CPU
		{013B8264-14DF-4CAA-857A-078939FB0F3A}.Release|Any CPU.Build.0 = Release|Any CPU
		{013B8264-14DF-4CAA-857A-078939FB0F3A}.Release|Mixed Platforms.ActiveCfg = Release|Any CPU
		{013B8264-14DF-4CAA-857A-078939FB0F3A}.Release|Mixed Platforms.Build.0 = Release|Any CPU
		{013B8264-14DF-4CAA-857A-078939FB0F3A}.Release|x86.ActiveCfg = Release|Any CPU
		{2C32F633-485E-43A0-BB5A-4B191BD44795}.Debug|Any CPU.ActiveCfg = Debug|Any CPU
		{2C32F633-485E-43A0-BB5A-4B191BD44795}.Debug|Any CPU.Build.0 = Debug|Any CPU
		{2C32F633-485E-43A0-BB5A-4B191BD44795}.Debug|Mixed Platforms.ActiveCfg = Debug|Any CPU
		{2C32F633-485E-43A0-BB5A-4B191BD44795}.Debug|Mixed Platforms.Build.0 = Debug|Any CPU
		{2C32F633-485E-43A0-BB5A-4B191BD44795}.Debug|x86.ActiveCfg = Debug|Any CPU
		{2C32F633-485E-43A0-BB5A-4B191BD44795}.Release|Any CPU.ActiveCfg = Release|Any CPU
		{2C32F633-485E-43A0-BB5A-4B191BD44795}.Release|Any CPU.Build.0 = Release|Any CPU
		{2C32F633-485E-43A0-BB5A-4B191BD44795}.Release|Mixed Platforms.ActiveCfg = Release|Any CPU
		{2C32F633-485E-43A0-BB5A-4B191BD44795}.Release|Mixed Platforms.Build.0 = Release|Any CPU
		{2C32F633-485E-43A0-BB5A-4B191BD44795}.Release|x86.ActiveCfg = Release|Any CPU
		{F74D2486-0448-40BF-97FA-9AA4C2164801}.Debug|Any CPU.ActiveCfg = Debug|x86
		{F74D2486-0448-40BF-97FA-9AA4C2164801}.Debug|Mixed Platforms.ActiveCfg = Debug|x86
		{F74D2486-0448-40BF-97FA-9AA4C2164801}.Debug|Mixed Platforms.Build.0 = Debug|x86
		{F74D2486-0448-40BF-97FA-9AA4C2164801}.Debug|x86.ActiveCfg = Debug|x86
		{F74D2486-0448-40BF-97FA-9AA4C2164801}.Debug|x86.Build.0 = Debug|x86
		{F74D2486-0448-40BF-97FA-9AA4C2164801}.Release|Any CPU.ActiveCfg = Release|x86
		{F74D2486-0448-40BF-97FA-9AA4C2164801}.Release|Mixed Platforms.ActiveCfg = Release|x86
		{F74D2486-0448-40BF-97FA-9AA4C2164801}.Release|Mixed Platforms.Build.0 = Release|x86
		{F74D2486-0448-40BF-97FA-9AA4C2164801}.Release|x86.ActiveCfg = Release|x86
		{F74D2486-0448-40BF-97FA-9AA4C2164801}.Release|x86.Build.0 = Release|x86
		{A54C4CB3-8BA6-4E2A-AFB6-4A81446C8658}.Debug|Any CPU.ActiveCfg = Debug|x86
		{A54C4CB3-8BA6-4E2A-AFB6-4A81446C8658}.Debug|Mixed Platforms.ActiveCfg = Debug|x86
		{A54C4CB3-8BA6-4E2A-AFB6-4A81446C8658}.Debug|Mixed Platforms.Build.0 = Debug|x86
		{A54C4CB3-8BA6-4E2A-AFB6-4A81446C8658}.Debug|x86.ActiveCfg = Debug|x86
		{A54C4CB3-8BA6-4E2A-AFB6-4A81446C8658}.Debug|x86.Build.0 = Debug|x86
		{A54C4CB3-8BA6-4E2A-AFB6-4A81446C8658}.Release|Any CPU.ActiveCfg = Release|x86
		{A54C4CB3-8BA6-4E2A-AFB6-4A81446C8658}.Release|Mixed Platforms.ActiveCfg = Release|x86
		{A54C4CB3-8BA6-4E2A-AFB6-4A81446C8658}.Release|Mixed Platforms.Build.0 = Release|x86
		{A54C4CB3-8BA6-4E2A-AFB6-4A81446C8658}.Release|x86.ActiveCfg = Release|x86
		{A54C4CB3-8BA6-4E2A-AFB6-4A81446C8658}.Release|x86.Build.0 = Release|x86
	EndGlobalSection
	GlobalSection(SolutionProperties) = preSolution
		HideSolutionNode = FALSE
	EndGlobalSection
	GlobalSection(NestedProjects) = preSolution
		{1B776FB7-9C1A-4B7C-AE79-3075D4BAB68B} = {55914640-A940-4F59-9BBC-C50E77C5979E}
		{8E3CEBCB-1D21-4D56-A115-249E29DF4363} = {55914640-A940-4F59-9BBC-C50E77C5979E}
		{5D1DF39C-6D2A-4E60-B54B-847224A66B1E} = {55914640-A940-4F59-9BBC-C50E77C5979E}
		{2CC9096B-2B27-45A1-A057-37EC4D9E8071} = {55914640-A940-4F59-9BBC-C50E77C5979E}
		{F6F86DCF-981D-45B9-AC91-BD87792921AF} = {55914640-A940-4F59-9BBC-C50E77C5979E}
		{A0DB7629-B69E-4F76-899E-05690D470453} = {55914640-A940-4F59-9BBC-C50E77C5979E}
		{013B8264-14DF-4CAA-857A-078939FB0F3A} = {55914640-A940-4F59-9BBC-C50E77C5979E}
		{2C2B69A7-CA3A-409D-B7DA-D6D5C2745F61} = {5DE0DE6E-9E29-4794-B6E5-E25751B7DCC9}
		{F74D2486-0448-40BF-97FA-9AA4C2164801} = {5DE0DE6E-9E29-4794-B6E5-E25751B7DCC9}
		{A54C4CB3-8BA6-4E2A-AFB6-4A81446C8658} = {5DE0DE6E-9E29-4794-B6E5-E25751B7DCC9}
	EndGlobalSection
EndGlobal
